Microsoft Visual Studio Solution File, Format Version 11.00
# Visual Studio 2008

Project("{F392CAB4-063B-5FA4-5DBC-140D8144B77E}") = "sdk-tester-unity", "Assembly-CSharp-firstpass.csproj", "{3628462A-A13E-A633-13A3-F20758561B2C}"
EndProject
Project("{F392CAB4-063B-5FA4-5DBC-140D8144B77E}") = "sdk-tester-unity", "Assembly-CSharp.csproj", "{A0A51E61-3BDA-9769-94CD-43F543EF04D2}"
EndProject
Global
	GlobalSection(SolutionConfigurationPlatforms) = preSolution
		Debug|Any CPU = Debug|Any CPU
		Release|Any CPU = Release|Any CPU
	EndGlobalSection
	GlobalSection(ProjectConfigurationPlatforms) = postSolution
		{3628462A-A13E-A633-13A3-F20758561B2C}.Debug|Any CPU.ActiveCfg = Debug|Any CPU
		{3628462A-A13E-A633-13A3-F20758561B2C}.Debug|Any CPU.Build.0 = Debug|Any CPU
		{3628462A-A13E-A633-13A3-F20758561B2C}.Release|Any CPU.ActiveCfg = Release|Any CPU
		{3628462A-A13E-A633-13A3-F20758561B2C}.Release|Any CPU.Build.0 = Release|Any CPU
		{A0A51E61-3BDA-9769-94CD-43F543EF04D2}.Debug|Any CPU.ActiveCfg = Debug|Any CPU
		{A0A51E61-3BDA-9769-94CD-43F543EF04D2}.Debug|Any CPU.Build.0 = Debug|Any CPU
		{A0A51E61-3BDA-9769-94CD-43F543EF04D2}.Release|Any CPU.ActiveCfg = Release|Any CPU
		{A0A51E61-3BDA-9769-94CD-43F543EF04D2}.Release|Any CPU.Build.0 = Release|Any CPU
	EndGlobalSection
	GlobalSection(SolutionProperties) = preSolution
		HideSolutionNode = FALSE
	EndGlobalSection
	GlobalSection(MonoDevelopProperties) = preSolution
		StartupItem = Assembly-CSharp.csproj
	EndGlobalSection
EndGlobal
